// !$*UTF8*$!
{
	archiveVersion = 1;
	classes = {
	};
	objectVersion = 56;
	objects = {

/* Begin PBXBuildFile section */
		16B355102BA3FAC40014F307 /* PocketLedgerApp.swift in Sources */ = {isa = PBXBuildFile; fileRef = 16B3550F2BA3FAC40014F307 /* PocketLedgerApp.swift */; };
		16B355122BA3FAC40014F307 /* ContentView.swift in Sources */ = {isa = PBXBuildFile; fileRef = 16B355112BA3FAC40014F307 /* ContentView.swift */; };
		16B355142BA3FAC50014F307 /* Assets.xcassets in Resources */ = {isa = PBXBuildFile; fileRef = 16B355132BA3FAC50014F307 /* Assets.xcassets */; };
		16B355172BA3FAC50014F307 /* Preview Assets.xcassets in Resources */ = {isa = PBXBuildFile; fileRef = 16B355162BA3FAC50014F307 /* Preview Assets.xcassets */; };
		16B355202BA3FAF90014F307 /* CategorizationView.swift in Sources */ = {isa = PBXBuildFile; fileRef = 16B3551F2BA3FAF90014F307 /* CategorizationView.swift */; };
		16B355222BA3FB080014F307 /* AnalysisView.swift in Sources */ = {isa = PBXBuildFile; fileRef = 16B355212BA3FB080014F307 /* AnalysisView.swift */; };
		CC0EBD222BA4E02200B40430 /* ScanViewController.swift in Sources */ = {isa = PBXBuildFile; fileRef = CC0EBD212BA4E02200B40430 /* ScanViewController.swift */; };
		CC73D9F42BA4D8980016E6F9 /* AppEntry in Resources */ = {isa = PBXBuildFile; fileRef = CC73D9F22BA4D8980016E6F9 /* AppEntry */; };
/* End PBXBuildFile section */

/* Begin PBXFileReference section */
		16B3550C2BA3FAC40014F307 /* PocketLedger.app */ = {isa = PBXFileReference; explicitFileType = wrapper.application; includeInIndex = 0; path = PocketLedger.app; sourceTree = BUILT_PRODUCTS_DIR; };
		16B3550F2BA3FAC40014F307 /* PocketLedgerApp.swift */ = {isa = PBXFileReference; lastKnownFileType = sourcecode.swift; path = PocketLedgerApp.swift; sourceTree = "<group>"; };
		16B355112BA3FAC40014F307 /* ContentView.swift */ = {isa = PBXFileReference; lastKnownFileType = sourcecode.swift; path = ContentView.swift; sourceTree = "<group>"; };
		16B355132BA3FAC50014F307 /* Assets.xcassets */ = {isa = PBXFileReference; lastKnownFileType = folder.assetcatalog; path = Assets.xcassets; sourceTree = "<group>"; };
		16B355162BA3FAC50014F307 /* Preview Assets.xcassets */ = {isa = PBXFileReference; lastKnownFileType = folder.assetcatalog; path = "Preview Assets.xcassets"; sourceTree = "<group>"; };
		16B3551F2BA3FAF90014F307 /* CategorizationView.swift */ = {isa = PBXFileReference; lastKnownFileType = sourcecode.swift; path = CategorizationView.swift; sourceTree = "<group>"; };
		16B355212BA3FB080014F307 /* AnalysisView.swift */ = {isa = PBXFileReference; lastKnownFileType = sourcecode.swift; path = AnalysisView.swift; sourceTree = "<group>"; };
		CC0EBD212BA4E02200B40430 /* ScanViewController.swift */ = {isa = PBXFileReference; lastKnownFileType = sourcecode.swift; path = ScanViewController.swift; sourceTree = "<group>"; };
		CC73D9F22BA4D8980016E6F9 /* AppEntry */ = {isa = PBXFileReference; fileEncoding = 4; lastKnownFileType = folder; name = AppEntry; path = PocketLedger/AppEntry; sourceTree = SOURCE_ROOT; };
		CC73D9FA2BA4D8AE0016E6F9 /* MainViewController.swift */ = {isa = PBXFileReference; lastKnownFileType = sourcecode.swift; path = MainViewController.swift; sourceTree = "<group>"; };
/* End PBXFileReference section */

/* Begin PBXFrameworksBuildPhase section */
		16B355092BA3FAC40014F307 /* Frameworks */ = {
			isa = PBXFrameworksBuildPhase;
			buildActionMask = 2147483647;
			files = (
			);
			runOnlyForDeploymentPostprocessing = 0;
		};
/* End PBXFrameworksBuildPhase section */

/* Begin PBXGroup section */
		16B355032BA3FAC40014F307 = {
			isa = PBXGroup;
			children = (
				16B3550E2BA3FAC40014F307 /* PocketLedger */,
				16B3550D2BA3FAC40014F307 /* Products */,
			);
			sourceTree = "<group>";
		};
		16B3550D2BA3FAC40014F307 /* Products */ = {
			isa = PBXGroup;
			children = (
				16B3550C2BA3FAC40014F307 /* PocketLedger.app */,
			);
			name = Products;
			sourceTree = "<group>";
		};
		16B3550E2BA3FAC40014F307 /* PocketLedger */ = {
			isa = PBXGroup;
			children = (
				CC73D9F52BA4D8AE0016E6F9 /* module */,
				CC73D9F22BA4D8980016E6F9 /* AppEntry */,
				16B3551E2BA3FADD0014F307 /* Categorization */,
				16B3551D2BA3FACE0014F307 /* gptAnalysis */,
				16B3550F2BA3FAC40014F307 /* PocketLedgerApp.swift */,
				16B355112BA3FAC40014F307 /* ContentView.swift */,
				16B355132BA3FAC50014F307 /* Assets.xcassets */,
				16B355152BA3FAC50014F307 /* Preview Content */,
			);
			path = PocketLedger;
			sourceTree = "<group>";
		};
		16B355152BA3FAC50014F307 /* Preview Content */ = {
			isa = PBXGroup;
			children = (
				16B355162BA3FAC50014F307 /* Preview Assets.xcassets */,
			);
			path = "Preview Content";
			sourceTree = "<group>";
		};
		16B3551D2BA3FACE0014F307 /* gptAnalysis */ = {
			isa = PBXGroup;
			children = (
				16B355212BA3FB080014F307 /* AnalysisView.swift */,
			);
			path = gptAnalysis;
			sourceTree = "<group>";
		};
		16B3551E2BA3FADD0014F307 /* Categorization */ = {
			isa = PBXGroup;
			children = (
				16B3551F2BA3FAF90014F307 /* CategorizationView.swift */,
			);
			path = Categorization;
			sourceTree = "<group>";
		};
		CC73D9F52BA4D8AE0016E6F9 /* module */ = {
			isa = PBXGroup;
			children = (
				CC73D9F62BA4D8AE0016E6F9 /* scan */,
			);
			path = module;
			sourceTree = "<group>";
		};
		CC73D9F62BA4D8AE0016E6F9 /* scan */ = {
			isa = PBXGroup;
			children = (
				CC73D9F72BA4D8AE0016E6F9 /* controller */,
				CC73D9F82BA4D8AE0016E6F9 /* model */,
				CC73D9F92BA4D8AE0016E6F9 /* view */,
			);
			path = scan;
			sourceTree = "<group>";
		};
		CC73D9F72BA4D8AE0016E6F9 /* controller */ = {
			isa = PBXGroup;
			children = (
			);
			path = controller;
			sourceTree = "<group>";
		};
		CC73D9F82BA4D8AE0016E6F9 /* model */ = {
			isa = PBXGroup;
			children = (
			);
			path = model;
			sourceTree = "<group>";
		};
		CC73D9F92BA4D8AE0016E6F9 /* view */ = {
			isa = PBXGroup;
			children = (
				CC73D9FA2BA4D8AE0016E6F9 /* MainViewController.swift */,
				CC0EBD212BA4E02200B40430 /* ScanViewController.swift */,
			);
			path = view;
			sourceTree = "<group>";
		};
/* End PBXGroup section */

/* Begin PBXNativeTarget section */
		16B3550B2BA3FAC40014F307 /* PocketLedger */ = {
			isa = PBXNativeTarget;
			buildConfigurationList = 16B3551A2BA3FAC50014F307 /* Build configuration list for PBXNativeTarget "PocketLedger" */;
			buildPhases = (
				16B355082BA3FAC40014F307 /* Sources */,
				16B355092BA3FAC40014F307 /* Frameworks */,
				16B3550A2BA3FAC40014F307 /* Resources */,
			);
			buildRules = (
			);
			dependencies = (
			);
			name = PocketLedger;
			productName = PocketLedger;
			productReference = 16B3550C2BA3FAC40014F307 /* PocketLedger.app */;
			productType = "com.apple.product-type.application";
		};
/* End PBXNativeTarget section */

/* Begin PBXProject section */
		16B355042BA3FAC40014F307 /* Project object */ = {
			isa = PBXProject;
			attributes = {
				BuildIndependentTargetsInParallel = 1;
				LastSwiftUpdateCheck = 1530;
				LastUpgradeCheck = 1530;
				TargetAttributes = {
					16B3550B2BA3FAC40014F307 = {
						CreatedOnToolsVersion = 15.3;
					};
				};
			};
			buildConfigurationList = 16B355072BA3FAC40014F307 /* Build configuration list for PBXProject "PocketLedger" */;
			compatibilityVersion = "Xcode 14.0";
			developmentRegion = en;
			hasScannedForEncodings = 0;
			knownRegions = (
				en,
				Base,
			);
			mainGroup = 16B355032BA3FAC40014F307;
			productRefGroup = 16B3550D2BA3FAC40014F307 /* Products */;
			projectDirPath = "";
			projectRoot = "";
			targets = (
				16B3550B2BA3FAC40014F307 /* PocketLedger */,
			);
		};
/* End PBXProject section */

/* Begin PBXResourcesBuildPhase section */
		16B3550A2BA3FAC40014F307 /* Resources */ = {
			isa = PBXResourcesBuildPhase;
			buildActionMask = 2147483647;
			files = (
				16B355172BA3FAC50014F307 /* Preview Assets.xcassets in Resources */,
				16B355142BA3FAC50014F307 /* Assets.xcassets in Resources */,
				CC73D9F42BA4D8980016E6F9 /* AppEntry in Resources */,
			);
			runOnlyForDeploymentPostprocessing = 0;
		};
/* End PBXResourcesBuildPhase section */

/* Begin PBXSourcesBuildPhase section */
		16B355082BA3FAC40014F307 /* Sources */ = {
			isa = PBXSourcesBuildPhase;
			buildActionMask = 2147483647;
			files = (
				16B355222BA3FB080014F307 /* AnalysisView.swift in Sources */,
				16B355202BA3FAF90014F307 /* CategorizationView.swift in Sources */,
				CC0EBD222BA4E02200B40430 /* ScanViewController.swift in Sources */,
				16B355122BA3FAC40014F307 /* ContentView.swift in Sources */,
				16B355102BA3FAC40014F307 /* PocketLedgerApp.swift in Sources */,
			);
			runOnlyForDeploymentPostprocessing = 0;
		};
/* End PBXSourcesBuildPhase section */

/* Begin XCBuildConfiguration section */
		16B355182BA3FAC50014F307 /* Debug */ = {
			isa = XCBuildConfiguration;
			buildSettings = {
				ALWAYS_SEARCH_USER_PATHS = NO;
				ASSETCATALOG_COMPILER_GENERATE_SWIFT_ASSET_SYMBOL_EXTENSIONS = YES;
				CLANG_ANALYZER_NONNULL = YES;
				CLANG_ANALYZER_NUMBER_OBJECT_CONVERSION = YES_AGGRESSIVE;
				CLANG_CXX_LANGUAGE_STANDARD = "gnu++20";
				CLANG_ENABLE_MODULES = YES;
				CLANG_ENABLE_OBJC_ARC = YES;
				CLANG_ENABLE_OBJC_WEAK = YES;
				CLANG_WARN_BLOCK_CAPTURE_AUTORELEASING = YES;
				CLANG_WARN_BOOL_CONVERSION = YES;
				CLANG_WARN_COMMA = YES;
				CLANG_WARN_CONSTANT_CONVERSION = YES;
				CLANG_WARN_DEPRECATED_OBJC_IMPLEMENTATIONS = YES;
				CLANG_WARN_DIRECT_OBJC_ISA_USAGE = YES_ERROR;
				CLANG_WARN_DOCUMENTATION_COMMENTS = YES;
				CLANG_WARN_EMPTY_BODY = YES;
				CLANG_WARN_ENUM_CONVERSION = YES;
				CLANG_WARN_INFINITE_RECURSION = YES;
				CLANG_WARN_INT_CONVERSION = YES;
				CLANG_WARN_NON_LITERAL_NULL_CONVERSION = YES;
				CLANG_WARN_OBJC_IMPLICIT_RETAIN_SELF = YES;
				CLANG_WARN_OBJC_LITERAL_CONVERSION = YES;
				CLANG_WARN_OBJC_ROOT_CLASS = YES_ERROR;
				CLANG_WARN_QUOTED_INCLUDE_IN_FRAMEWORK_HEADER = YES;
				CLANG_WARN_RANGE_LOOP_ANALYSIS = YES;
				CLANG_WARN_STRICT_PROTOTYPES = YES;
				CLANG_WARN_SUSPICIOUS_MOVE = YES;
				CLANG_WARN_UNGUARDED_AVAILABILITY = YES_AGGRESSIVE;
				CLANG_WARN_UNREACHABLE_CODE = YES;
				CLANG_WARN__DUPLICATE_METHOD_MATCH = YES;
				COPY_PHASE_STRIP = NO;
				DEBUG_INFORMATION_FORMAT = dwarf;
				ENABLE_STRICT_OBJC_MSGSEND = YES;
				ENABLE_TESTABILITY = YES;
				ENABLE_USER_SCRIPT_SANDBOXING = YES;
				GCC_C_LANGUAGE_STANDARD = gnu17;
				GCC_DYNAMIC_NO_PIC = NO;
				GCC_NO_COMMON_BLOCKS = YES;
				GCC_OPTIMIZATION_LEVEL = 0;
				GCC_PREPROCESSOR_DEFINITIONS = (
					"DEBUG=1",
					"$(inherited)",
				);
				GCC_WARN_64_TO_32_BIT_CONVERSION = YES;
				GCC_WARN_ABOUT_RETURN_TYPE = YES_ERROR;
				GCC_WARN_UNDECLARED_SELECTOR = YES;
				GCC_WARN_UNINITIALIZED_AUTOS = YES_AGGRESSIVE;
				GCC_WARN_UNUSED_FUNCTION = YES;
				GCC_WARN_UNUSED_VARIABLE = YES;
				IPHONEOS_DEPLOYMENT_TARGET = 17.4;
				LOCALIZATION_PREFERS_STRING_CATALOGS = YES;
				MTL_ENABLE_DEBUG_INFO = INCLUDE_SOURCE;
				MTL_FAST_MATH = YES;
				ONLY_ACTIVE_ARCH = YES;
				SDKROOT = iphoneos;
				SWIFT_ACTIVE_COMPILATION_CONDITIONS = "DEBUG $(inherited)";
				SWIFT_OPTIMIZATION_LEVEL = "-Onone";
			};
			name = Debug;
		};
		16B355192BA3FAC50014F307 /* Release */ = {
			isa = XCBuildConfiguration;
			buildSettings = {
				ALWAYS_SEARCH_USER_PATHS = NO;
				ASSETCATALOG_COMPILER_GENERATE_SWIFT_ASSET_SYMBOL_EXTENSIONS = YES;
				CLANG_ANALYZER_NONNULL = YES;
				CLANG_ANALYZER_NUMBER_OBJECT_CONVERSION = YES_AGGRESSIVE;
				CLANG_CXX_LANGUAGE_STANDARD = "gnu++20";
				CLANG_ENABLE_MODULES = YES;
				CLANG_ENABLE_OBJC_ARC = YES;
				CLANG_ENABLE_OBJC_WEAK = YES;
				CLANG_WARN_BLOCK_CAPTURE_AUTORELEASING = YES;
				CLANG_WARN_BOOL_CONVERSION = YES;
				CLANG_WARN_COMMA = YES;
				CLANG_WARN_CONSTANT_CONVERSION = YES;
				CLANG_WARN_DEPRECATED_OBJC_IMPLEMENTATIONS = YES;
				CLANG_WARN_DIRECT_OBJC_ISA_USAGE = YES_ERROR;
				CLANG_WARN_DOCUMENTATION_COMMENTS = YES;
				CLANG_WARN_EMPTY_BODY = YES;
				CLANG_WARN_ENUM_CONVERSION = YES;
				CLANG_WARN_INFINITE_RECURSION = YES;
				CLANG_WARN_INT_CONVERSION = YES;
				CLANG_WARN_NON_LITERAL_NULL_CONVERSION = YES;
				CLANG_WARN_OBJC_IMPLICIT_RETAIN_SELF = YES;
				CLANG_WARN_OBJC_LITERAL_CONVERSION = YES;
				CLANG_WARN_OBJC_ROOT_CLASS = YES_ERROR;
				CLANG_WARN_QUOTED_INCLUDE_IN_FRAMEWORK_HEADER = YES;
				CLANG_WARN_RANGE_LOOP_ANALYSIS = YES;
				CLANG_WARN_STRICT_PROTOTYPES = YES;
				CLANG_WARN_SUSPICIOUS_MOVE = YES;
				CLANG_WARN_UNGUARDED_AVAILABILITY = YES_AGGRESSIVE;
				CLANG_WARN_UNREACHABLE_CODE = YES;
				CLANG_WARN__DUPLICATE_METHOD_MATCH = YES;
				COPY_PHASE_STRIP = NO;
				DEBUG_INFORMATION_FORMAT = "dwarf-with-dsym";
				ENABLE_NS_ASSERTIONS = NO;
				ENABLE_STRICT_OBJC_MSGSEND = YES;
				ENABLE_USER_SCRIPT_SANDBOXING = YES;
				GCC_C_LANGUAGE_STANDARD = gnu17;
				GCC_NO_COMMON_BLOCKS = YES;
				GCC_WARN_64_TO_32_BIT_CONVERSION = YES;
				GCC_WARN_ABOUT_RETURN_TYPE = YES_ERROR;
				GCC_WARN_UNDECLARED_SELECTOR = YES;
				GCC_WARN_UNINITIALIZED_AUTOS = YES_AGGRESSIVE;
				GCC_WARN_UNUSED_FUNCTION = YES;
				GCC_WARN_UNUSED_VARIABLE = YES;
				IPHONEOS_DEPLOYMENT_TARGET = 17.4;
				LOCALIZATION_PREFERS_STRING_CATALOGS = YES;
				MTL_ENABLE_DEBUG_INFO = NO;
				MTL_FAST_MATH = YES;
				SDKROOT = iphoneos;
				SWIFT_COMPILATION_MODE = wholemodule;
				VALIDATE_PRODUCT = YES;
			};
			name = Release;
		};
		16B3551B2BA3FAC50014F307 /* Debug */ = {
			isa = XCBuildConfiguration;
			buildSettings = {
				ASSETCATALOG_COMPILER_APPICON_NAME = AppIcon;
				ASSETCATALOG_COMPILER_GLOBAL_ACCENT_COLOR_NAME = AccentColor;
				CODE_SIGN_STYLE = Automatic;
				CURRENT_PROJECT_VERSION = 1;
				DEVELOPMENT_ASSET_PATHS = "\"PocketLedger/Preview Content\"";
				DEVELOPMENT_TEAM = FV9KGA2845;
				ENABLE_PREVIEWS = YES;
				GENERATE_INFOPLIST_FILE = YES;
				INFOPLIST_KEY_UIApplicationSceneManifest_Generation = YES;
				INFOPLIST_KEY_UIApplicationSupportsIndirectInputEvents = YES;
				INFOPLIST_KEY_UILaunchScreen_Generation = YES;
				INFOPLIST_KEY_UISupportedInterfaceOrientations_iPad = "UIInterfaceOrientationPortrait UIInterfaceOrientationPortraitUpsideDown UIInterfaceOrientationLandscapeLeft UIInterfaceOrientationLandscapeRight";
				INFOPLIST_KEY_UISupportedInterfaceOrientations_iPhone = "UIInterfaceOrientationPortrait UIInterfaceOrientationLandscapeLeft UIInterfaceOrientationLandscapeRight";
				LD_RUNPATH_SEARCH_PATHS = (
					"$(inherited)",
					"@executable_path/Frameworks",
				);
				MARKETING_VERSION = 1.0;
				PRODUCT_BUNDLE_IDENTIFIER = "edu.umich.6guys-eecs441.PocketLedger";
				PRODUCT_NAME = "$(TARGET_NAME)";
				SWIFT_EMIT_LOC_STRINGS = YES;
				SWIFT_VERSION = 5.0;
				TARGETED_DEVICE_FAMILY = "1,2";
			};
			name = Debug;
		};
		16B3551C2BA3FAC50014F307 /* Release */ = {
			isa = XCBuildConfiguration;
			buildSettings = {
				ASSETCATALOG_COMPILER_APPICON_NAME = AppIcon;
				ASSETCATALOG_COMPILER_GLOBAL_ACCENT_COLOR_NAME = AccentColor;
				CODE_SIGN_STYLE = Automatic;
				CURRENT_PROJECT_VERSION = 1;
				DEVELOPMENT_ASSET_PATHS = "\"PocketLedger/Preview Content\"";
				DEVELOPMENT_TEAM = FV9KGA2845;
				ENABLE_PREVIEWS = YES;
				GENERATE_INFOPLIST_FILE = YES;
				INFOPLIST_KEY_UIApplicationSceneManifest_Generation = YES;
				INFOPLIST_KEY_UIApplicationSupportsIndirectInputEvents = YES;
				INFOPLIST_KEY_UILaunchScreen_Generation = YES;
				INFOPLIST_KEY_UISupportedInterfaceOrientations_iPad = "UIInterfaceOrientationPortrait UIInterfaceOrientationPortraitUpsideDown UIInterfaceOrientationLandscapeLeft UIInterfaceOrientationLandscapeRight";
				INFOPLIST_KEY_UISupportedInterfaceOrientations_iPhone = "UIInterfaceOrientationPortrait UIInterfaceOrientationLandscapeLeft UIInterfaceOrientationLandscapeRight";
				LD_RUNPATH_SEARCH_PATHS = (
					"$(inherited)",
					"@executable_path/Frameworks",
				);
				MARKETING_VERSION = 1.0;
				PRODUCT_BUNDLE_IDENTIFIER = "edu.umich.6guys-eecs441.PocketLedger";
				PRODUCT_NAME = "$(TARGET_NAME)";
				SWIFT_EMIT_LOC_STRINGS = YES;
				SWIFT_VERSION = 5.0;
				TARGETED_DEVICE_FAMILY = "1,2";
			};
			name = Release;
		};
/* End XCBuildConfiguration section */

/* Begin XCConfigurationList section */
		16B355072BA3FAC40014F307 /* Build configuration list for PBXProject "PocketLedger" */ = {
			isa = XCConfigurationList;
			buildConfigurations = (
				16B355182BA3FAC50014F307 /* Debug */,
				16B355192BA3FAC50014F307 /* Release */,
			);
			defaultConfigurationIsVisible = 0;
			defaultConfigurationName = Release;
		};
		16B3551A2BA3FAC50014F307 /* Build configuration list for PBXNativeTarget "PocketLedger" */ = {
			isa = XCConfigurationList;
			buildConfigurations = (
				16B3551B2BA3FAC50014F307 /* Debug */,
				16B3551C2BA3FAC50014F307 /* Release */,
			);
			defaultConfigurationIsVisible = 0;
			defaultConfigurationName = Release;
		};
/* End XCConfigurationList section */
	};
	rootObject = 16B355042BA3FAC40014F307 /* Project object */;
}
