// !$*UTF8*$!
{
	archiveVersion = 1;
	classes = {
	};
	objectVersion = 56;
	objects = {

/* Begin PBXBuildFile section */
		16B355102BA3FAC40014F307 /* PocketLedgerApp.swift in Sources */ = {isa = PBXBuildFile; fileRef = 16B3550F2BA3FAC40014F307 /* PocketLedgerApp.swift */; };
		16B355142BA3FAC50014F307 /* Assets.xcassets in Resources */ = {isa = PBXBuildFile; fileRef = 16B355132BA3FAC50014F307 /* Assets.xcassets */; };
		16B355172BA3FAC50014F307 /* Preview Assets.xcassets in Resources */ = {isa = PBXBuildFile; fileRef = 16B355162BA3FAC50014F307 /* Preview Assets.xcassets */; };
		16B355202BA3FAF90014F307 /* CategorizationView.swift in Sources */ = {isa = PBXBuildFile; fileRef = 16B3551F2BA3FAF90014F307 /* CategorizationView.swift */; };
		16B355222BA3FB080014F307 /* AnalysisView.swift in Sources */ = {isa = PBXBuildFile; fileRef = 16B355212BA3FB080014F307 /* AnalysisView.swift */; };
		4702852F2BA8C09B00EE5814 /* MonthlyReportView.swift in Sources */ = {isa = PBXBuildFile; fileRef = 4702852E2BA8C09B00EE5814 /* MonthlyReportView.swift */; };
		470285322BA8C91A00EE5814 /* PersistenceController.swift in Sources */ = {isa = PBXBuildFile; fileRef = 470285312BA8C91A00EE5814 /* PersistenceController.swift */; };
		470285342BA8C9EF00EE5814 /* ReceiptModels.swift in Sources */ = {isa = PBXBuildFile; fileRef = 470285332BA8C9EF00EE5814 /* ReceiptModels.swift */; };
		470285472BACE58500EE5814 /* BarChart.swift in Sources */ = {isa = PBXBuildFile; fileRef = 470285462BACE58500EE5814 /* BarChart.swift */; };
		6765990C2BA8FF670044F983 /* gptapi.swift in Sources */ = {isa = PBXBuildFile; fileRef = 6765990B2BA8FF670044F983 /* gptapi.swift */; };
		67BA45412BD3844600DD6EAC /* ImageRecognizer.swift in Sources */ = {isa = PBXBuildFile; fileRef = 67BA45402BD3844600DD6EAC /* ImageRecognizer.swift */; };
		67BA45432BD46C3900DD6EAC /* FinancialPercentView.swift in Sources */ = {isa = PBXBuildFile; fileRef = 67BA45422BD46C3900DD6EAC /* FinancialPercentView.swift */; };
		80AF32DB2BAD4523001A9C37 /* AddFinancialGoalView.swift in Sources */ = {isa = PBXBuildFile; fileRef = 80AF32D82BAD4523001A9C37 /* AddFinancialGoalView.swift */; };
		80AF32DC2BAD4523001A9C37 /* FinancialGoalRowView.swift in Sources */ = {isa = PBXBuildFile; fileRef = 80AF32D92BAD4523001A9C37 /* FinancialGoalRowView.swift */; };
		80AF32DD2BAD4523001A9C37 /* FinancialGoalView.swift in Sources */ = {isa = PBXBuildFile; fileRef = 80AF32DA2BAD4523001A9C37 /* FinancialGoalView.swift */; };
		CC0EBD242BA7CE2A00B40430 /* MainView.swift in Sources */ = {isa = PBXBuildFile; fileRef = CC0EBD232BA7CE2A00B40430 /* MainView.swift */; };
		CC0EBD262BA7CE7000B40430 /* ScanView.swift in Sources */ = {isa = PBXBuildFile; fileRef = CC0EBD252BA7CE7000B40430 /* ScanView.swift */; };
		CC0EBD282BA7CF2F00B40430 /* ScanViewModel.swift in Sources */ = {isa = PBXBuildFile; fileRef = CC0EBD272BA7CF2F00B40430 /* ScanViewModel.swift */; };
		CC0EBD2C2BA7D08F00B40430 /* Vision.framework in Frameworks */ = {isa = PBXBuildFile; fileRef = CC0EBD2B2BA7D08F00B40430 /* Vision.framework */; };
		CC0EBD2E2BA7D23500B40430 /* UIImage+Extension.swift in Sources */ = {isa = PBXBuildFile; fileRef = CC0EBD2D2BA7D23500B40430 /* UIImage+Extension.swift */; };
		CC0EBD302BA7D2A200B40430 /* Configuration.swift in Sources */ = {isa = PBXBuildFile; fileRef = CC0EBD2F2BA7D2A200B40430 /* Configuration.swift */; };
		CC0EBD542BACEE8700B40430 /* HistoryView.swift in Sources */ = {isa = PBXBuildFile; fileRef = CC0EBD532BACEE8700B40430 /* HistoryView.swift */; };
		CC0EBD562BACF09600B40430 /* ReceiptView.swift in Sources */ = {isa = PBXBuildFile; fileRef = CC0EBD552BACF09600B40430 /* ReceiptView.swift */; };
		CC0EBD582BACF24000B40430 /* ReceiptItemView.swift in Sources */ = {isa = PBXBuildFile; fileRef = CC0EBD572BACF24000B40430 /* ReceiptItemView.swift */; };
		CC1C58B62BA7C3FA000E1518 /* ImagePicker.swift in Sources */ = {isa = PBXBuildFile; fileRef = CC1C58B52BA7C3FA000E1518 /* ImagePicker.swift */; };
		CC4FB8B42BACCD2600FBCD9C /* AnnotationView.swift in Sources */ = {isa = PBXBuildFile; fileRef = CC4FB8B32BACCD2600FBCD9C /* AnnotationView.swift */; };
		CC6058CA2BD2142C002CA76E /* RecognizeView.swift in Sources */ = {isa = PBXBuildFile; fileRef = CC6058C92BD2142C002CA76E /* RecognizeView.swift */; };
		CC6058CE2BD21747002CA76E /* ImagePredictor.swift in Sources */ = {isa = PBXBuildFile; fileRef = CC6058CD2BD21747002CA76E /* ImagePredictor.swift */; };
		CC6058D02BD217B8002CA76E /* VNClassificationObservation+confidenceString.swift in Sources */ = {isa = PBXBuildFile; fileRef = CC6058CF2BD217B8002CA76E /* VNClassificationObservation+confidenceString.swift */; };
		CC6058D22BD2185F002CA76E /* CGImagePropertyOrientation+UIImageOrientation.swift in Sources */ = {isa = PBXBuildFile; fileRef = CC6058D12BD2185F002CA76E /* CGImagePropertyOrientation+UIImageOrientation.swift */; };
		CC6058D52BD219B3002CA76E /* MobileNetV2.mlmodel in Sources */ = {isa = PBXBuildFile; fileRef = CC6058D42BD219B3002CA76E /* MobileNetV2.mlmodel */; };
/* End PBXBuildFile section */

/* Begin PBXFileReference section */
		16B3550C2BA3FAC40014F307 /* PocketLedger.app */ = {isa = PBXFileReference; explicitFileType = wrapper.application; includeInIndex = 0; path = PocketLedger.app; sourceTree = BUILT_PRODUCTS_DIR; };
		16B3550F2BA3FAC40014F307 /* PocketLedgerApp.swift */ = {isa = PBXFileReference; lastKnownFileType = sourcecode.swift; path = PocketLedgerApp.swift; sourceTree = "<group>"; };
		16B355132BA3FAC50014F307 /* Assets.xcassets */ = {isa = PBXFileReference; lastKnownFileType = folder.assetcatalog; path = Assets.xcassets; sourceTree = "<group>"; };
		16B355162BA3FAC50014F307 /* Preview Assets.xcassets */ = {isa = PBXFileReference; lastKnownFileType = folder.assetcatalog; path = "Preview Assets.xcassets"; sourceTree = "<group>"; };
		16B3551F2BA3FAF90014F307 /* CategorizationView.swift */ = {isa = PBXFileReference; lastKnownFileType = sourcecode.swift; path = CategorizationView.swift; sourceTree = "<group>"; };
		16B355212BA3FB080014F307 /* AnalysisView.swift */ = {isa = PBXFileReference; lastKnownFileType = sourcecode.swift; path = AnalysisView.swift; sourceTree = "<group>"; };
		4702852E2BA8C09B00EE5814 /* MonthlyReportView.swift */ = {isa = PBXFileReference; lastKnownFileType = sourcecode.swift; path = MonthlyReportView.swift; sourceTree = "<group>"; };
		470285312BA8C91A00EE5814 /* PersistenceController.swift */ = {isa = PBXFileReference; lastKnownFileType = sourcecode.swift; path = PersistenceController.swift; sourceTree = "<group>"; };
		470285332BA8C9EF00EE5814 /* ReceiptModels.swift */ = {isa = PBXFileReference; lastKnownFileType = sourcecode.swift; path = ReceiptModels.swift; sourceTree = "<group>"; };
		470285462BACE58500EE5814 /* BarChart.swift */ = {isa = PBXFileReference; lastKnownFileType = sourcecode.swift; path = BarChart.swift; sourceTree = "<group>"; };
		6765990B2BA8FF670044F983 /* gptapi.swift */ = {isa = PBXFileReference; lastKnownFileType = sourcecode.swift; path = gptapi.swift; sourceTree = "<group>"; };
		67BA45402BD3844600DD6EAC /* ImageRecognizer.swift */ = {isa = PBXFileReference; fileEncoding = 4; lastKnownFileType = sourcecode.swift; path = ImageRecognizer.swift; sourceTree = "<group>"; };
		67BA45422BD46C3900DD6EAC /* FinancialPercentView.swift */ = {isa = PBXFileReference; lastKnownFileType = sourcecode.swift; path = FinancialPercentView.swift; sourceTree = "<group>"; };
		80AF32D82BAD4523001A9C37 /* AddFinancialGoalView.swift */ = {isa = PBXFileReference; fileEncoding = 4; lastKnownFileType = sourcecode.swift; path = AddFinancialGoalView.swift; sourceTree = "<group>"; };
		80AF32D92BAD4523001A9C37 /* FinancialGoalRowView.swift */ = {isa = PBXFileReference; fileEncoding = 4; lastKnownFileType = sourcecode.swift; path = FinancialGoalRowView.swift; sourceTree = "<group>"; };
		80AF32DA2BAD4523001A9C37 /* FinancialGoalView.swift */ = {isa = PBXFileReference; fileEncoding = 4; lastKnownFileType = sourcecode.swift; path = FinancialGoalView.swift; sourceTree = "<group>"; };
		CC0EBD232BA7CE2A00B40430 /* MainView.swift */ = {isa = PBXFileReference; lastKnownFileType = sourcecode.swift; path = MainView.swift; sourceTree = "<group>"; };
		CC0EBD252BA7CE7000B40430 /* ScanView.swift */ = {isa = PBXFileReference; lastKnownFileType = sourcecode.swift; path = ScanView.swift; sourceTree = "<group>"; };
		CC0EBD272BA7CF2F00B40430 /* ScanViewModel.swift */ = {isa = PBXFileReference; lastKnownFileType = sourcecode.swift; path = ScanViewModel.swift; sourceTree = "<group>"; };
		CC0EBD2B2BA7D08F00B40430 /* Vision.framework */ = {isa = PBXFileReference; lastKnownFileType = wrapper.framework; name = Vision.framework; path = System/Library/Frameworks/Vision.framework; sourceTree = SDKROOT; };
		CC0EBD2D2BA7D23500B40430 /* UIImage+Extension.swift */ = {isa = PBXFileReference; lastKnownFileType = sourcecode.swift; path = "UIImage+Extension.swift"; sourceTree = "<group>"; };
		CC0EBD2F2BA7D2A200B40430 /* Configuration.swift */ = {isa = PBXFileReference; lastKnownFileType = sourcecode.swift; path = Configuration.swift; sourceTree = "<group>"; };
		CC0EBD532BACEE8700B40430 /* HistoryView.swift */ = {isa = PBXFileReference; lastKnownFileType = sourcecode.swift; path = HistoryView.swift; sourceTree = "<group>"; };
		CC0EBD552BACF09600B40430 /* ReceiptView.swift */ = {isa = PBXFileReference; lastKnownFileType = sourcecode.swift; path = ReceiptView.swift; sourceTree = "<group>"; };
		CC0EBD572BACF24000B40430 /* ReceiptItemView.swift */ = {isa = PBXFileReference; lastKnownFileType = sourcecode.swift; path = ReceiptItemView.swift; sourceTree = "<group>"; };
		CC1C58B52BA7C3FA000E1518 /* ImagePicker.swift */ = {isa = PBXFileReference; lastKnownFileType = sourcecode.swift; path = ImagePicker.swift; sourceTree = "<group>"; };
		CC3574E22BA91FFA00B967E9 /* Info.plist */ = {isa = PBXFileReference; fileEncoding = 4; lastKnownFileType = text.plist.xml; path = Info.plist; sourceTree = "<group>"; };
		CC4FB8B32BACCD2600FBCD9C /* AnnotationView.swift */ = {isa = PBXFileReference; lastKnownFileType = sourcecode.swift; path = AnnotationView.swift; sourceTree = "<group>"; };
		CC6058C92BD2142C002CA76E /* RecognizeView.swift */ = {isa = PBXFileReference; lastKnownFileType = sourcecode.swift; path = RecognizeView.swift; sourceTree = "<group>"; };
		CC6058CD2BD21747002CA76E /* ImagePredictor.swift */ = {isa = PBXFileReference; lastKnownFileType = sourcecode.swift; path = ImagePredictor.swift; sourceTree = "<group>"; };
		CC6058CF2BD217B8002CA76E /* VNClassificationObservation+confidenceString.swift */ = {isa = PBXFileReference; lastKnownFileType = sourcecode.swift; path = "VNClassificationObservation+confidenceString.swift"; sourceTree = "<group>"; };
		CC6058D12BD2185F002CA76E /* CGImagePropertyOrientation+UIImageOrientation.swift */ = {isa = PBXFileReference; lastKnownFileType = sourcecode.swift; path = "CGImagePropertyOrientation+UIImageOrientation.swift"; sourceTree = "<group>"; };
		CC6058D42BD219B3002CA76E /* MobileNetV2.mlmodel */ = {isa = PBXFileReference; lastKnownFileType = file.mlmodel; path = MobileNetV2.mlmodel; sourceTree = "<group>"; };
/* End PBXFileReference section */

/* Begin PBXFrameworksBuildPhase section */
		16B355092BA3FAC40014F307 /* Frameworks */ = {
			isa = PBXFrameworksBuildPhase;
			buildActionMask = 2147483647;
			files = (
				CC0EBD2C2BA7D08F00B40430 /* Vision.framework in Frameworks */,
			);
			runOnlyForDeploymentPostprocessing = 0;
		};
/* End PBXFrameworksBuildPhase section */

/* Begin PBXGroup section */
		16B355032BA3FAC40014F307 = {
			isa = PBXGroup;
			children = (
				16B3550E2BA3FAC40014F307 /* PocketLedger */,
				16B3550D2BA3FAC40014F307 /* Products */,
				CC0EBD2A2BA7D08F00B40430 /* Frameworks */,
			);
			sourceTree = "<group>";
		};
		16B3550D2BA3FAC40014F307 /* Products */ = {
			isa = PBXGroup;
			children = (
				16B3550C2BA3FAC40014F307 /* PocketLedger.app */,
			);
			name = Products;
			sourceTree = "<group>";
		};
		16B3550E2BA3FAC40014F307 /* PocketLedger */ = {
			isa = PBXGroup;
			children = (
				80AF32D72BAD4523001A9C37 /* FinancialGoals */,
				16B3551D2BA3FACE0014F307 /* gptAnalysis */,
				16B3550F2BA3FAC40014F307 /* PocketLedgerApp.swift */,
				CC0EBD2D2BA7D23500B40430 /* UIImage+Extension.swift */,
				CC0EBD232BA7CE2A00B40430 /* MainView.swift */,
				CC0EBD532BACEE8700B40430 /* HistoryView.swift */,
				67BA45402BD3844600DD6EAC /* ImageRecognizer.swift */,
				CC0EBD552BACF09600B40430 /* ReceiptView.swift */,
				CC0EBD572BACF24000B40430 /* ReceiptItemView.swift */,
				16B3551F2BA3FAF90014F307 /* CategorizationView.swift */,
				470285462BACE58500EE5814 /* BarChart.swift */,
				CC0EBD252BA7CE7000B40430 /* ScanView.swift */,
				CC6058D42BD219B3002CA76E /* MobileNetV2.mlmodel */,
				CC6058C92BD2142C002CA76E /* RecognizeView.swift */,
				CC6058CD2BD21747002CA76E /* ImagePredictor.swift */,
				CC6058D12BD2185F002CA76E /* CGImagePropertyOrientation+UIImageOrientation.swift */,
				CC6058CF2BD217B8002CA76E /* VNClassificationObservation+confidenceString.swift */,
				CC3574E22BA91FFA00B967E9 /* Info.plist */,
				CC0EBD272BA7CF2F00B40430 /* ScanViewModel.swift */,
				CC0EBD2F2BA7D2A200B40430 /* Configuration.swift */,
				16B355132BA3FAC50014F307 /* Assets.xcassets */,
				470285302BA8C90500EE5814 /* model */,
				16B355152BA3FAC50014F307 /* Preview Content */,
				CC1C58B52BA7C3FA000E1518 /* ImagePicker.swift */,
				4702852E2BA8C09B00EE5814 /* MonthlyReportView.swift */,
				CC4FB8B32BACCD2600FBCD9C /* AnnotationView.swift */,
			);
			path = PocketLedger;
			sourceTree = "<group>";
		};
		16B355152BA3FAC50014F307 /* Preview Content */ = {
			isa = PBXGroup;
			children = (
				16B355162BA3FAC50014F307 /* Preview Assets.xcassets */,
			);
			path = "Preview Content";
			sourceTree = "<group>";
		};
		16B3551D2BA3FACE0014F307 /* gptAnalysis */ = {
			isa = PBXGroup;
			children = (
				16B355212BA3FB080014F307 /* AnalysisView.swift */,
			);
			path = gptAnalysis;
			sourceTree = "<group>";
		};
		470285302BA8C90500EE5814 /* model */ = {
			isa = PBXGroup;
			children = (
				470285312BA8C91A00EE5814 /* PersistenceController.swift */,
				470285332BA8C9EF00EE5814 /* ReceiptModels.swift */,
				6765990B2BA8FF670044F983 /* gptapi.swift */,
			);
			path = model;
			sourceTree = "<group>";
		};
		80AF32D72BAD4523001A9C37 /* FinancialGoals */ = {
			isa = PBXGroup;
			children = (
				80AF32D82BAD4523001A9C37 /* AddFinancialGoalView.swift */,
				80AF32D92BAD4523001A9C37 /* FinancialGoalRowView.swift */,
				80AF32DA2BAD4523001A9C37 /* FinancialGoalView.swift */,
				67BA45422BD46C3900DD6EAC /* FinancialPercentView.swift */,
			);
			path = FinancialGoals;
			sourceTree = "<group>";
		};
		CC0EBD2A2BA7D08F00B40430 /* Frameworks */ = {
			isa = PBXGroup;
			children = (
				CC0EBD2B2BA7D08F00B40430 /* Vision.framework */,
			);
			name = Frameworks;
			sourceTree = "<group>";
		};
/* End PBXGroup section */

/* Begin PBXNativeTarget section */
		16B3550B2BA3FAC40014F307 /* PocketLedger */ = {
			isa = PBXNativeTarget;
			buildConfigurationList = 16B3551A2BA3FAC50014F307 /* Build configuration list for PBXNativeTarget "PocketLedger" */;
			buildPhases = (
				16B355082BA3FAC40014F307 /* Sources */,
				16B355092BA3FAC40014F307 /* Frameworks */,
				16B3550A2BA3FAC40014F307 /* Resources */,
			);
			buildRules = (
			);
			dependencies = (
			);
			name = PocketLedger;
			productName = PocketLedger;
			productReference = 16B3550C2BA3FAC40014F307 /* PocketLedger.app */;
			productType = "com.apple.product-type.application";
		};
/* End PBXNativeTarget section */

/* Begin PBXProject section */
		16B355042BA3FAC40014F307 /* Project object */ = {
			isa = PBXProject;
			attributes = {
				BuildIndependentTargetsInParallel = 1;
				LastSwiftUpdateCheck = 1530;
				LastUpgradeCheck = 1530;
				TargetAttributes = {
					16B3550B2BA3FAC40014F307 = {
						CreatedOnToolsVersion = 15.3;
					};
				};
			};
			buildConfigurationList = 16B355072BA3FAC40014F307 /* Build configuration list for PBXProject "PocketLedger" */;
			compatibilityVersion = "Xcode 14.0";
			developmentRegion = en;
			hasScannedForEncodings = 0;
			knownRegions = (
				en,
				Base,
			);
			mainGroup = 16B355032BA3FAC40014F307;
			productRefGroup = 16B3550D2BA3FAC40014F307 /* Products */;
			projectDirPath = "";
			projectRoot = "";
			targets = (
				16B3550B2BA3FAC40014F307 /* PocketLedger */,
			);
		};
/* End PBXProject section */

/* Begin PBXResourcesBuildPhase section */
		16B3550A2BA3FAC40014F307 /* Resources */ = {
			isa = PBXResourcesBuildPhase;
			buildActionMask = 2147483647;
			files = (
				16B355172BA3FAC50014F307 /* Preview Assets.xcassets in Resources */,
				16B355142BA3FAC50014F307 /* Assets.xcassets in Resources */,
			);
			runOnlyForDeploymentPostprocessing = 0;
		};
/* End PBXResourcesBuildPhase section */

/* Begin PBXSourcesBuildPhase section */
		16B355082BA3FAC40014F307 /* Sources */ = {
			isa = PBXSourcesBuildPhase;
			buildActionMask = 2147483647;
			files = (
				6765990C2BA8FF670044F983 /* gptapi.swift in Sources */,
				CC0EBD262BA7CE7000B40430 /* ScanView.swift in Sources */,
				470285472BACE58500EE5814 /* BarChart.swift in Sources */,
				16B355222BA3FB080014F307 /* AnalysisView.swift in Sources */,
				80AF32DB2BAD4523001A9C37 /* AddFinancialGoalView.swift in Sources */,
				67BA45412BD3844600DD6EAC /* ImageRecognizer.swift in Sources */,
				470285322BA8C91A00EE5814 /* PersistenceController.swift in Sources */,
				CC0EBD242BA7CE2A00B40430 /* MainView.swift in Sources */,
				CC0EBD582BACF24000B40430 /* ReceiptItemView.swift in Sources */,
				CC6058D02BD217B8002CA76E /* VNClassificationObservation+confidenceString.swift in Sources */,
				CC6058D52BD219B3002CA76E /* MobileNetV2.mlmodel in Sources */,
				CC0EBD2E2BA7D23500B40430 /* UIImage+Extension.swift in Sources */,
				CC4FB8B42BACCD2600FBCD9C /* AnnotationView.swift in Sources */,
				CC0EBD562BACF09600B40430 /* ReceiptView.swift in Sources */,
				16B355202BA3FAF90014F307 /* CategorizationView.swift in Sources */,
				CC1C58B62BA7C3FA000E1518 /* ImagePicker.swift in Sources */,
				80AF32DC2BAD4523001A9C37 /* FinancialGoalRowView.swift in Sources */,
				CC0EBD302BA7D2A200B40430 /* Configuration.swift in Sources */,
				470285342BA8C9EF00EE5814 /* ReceiptModels.swift in Sources */,
				80AF32DD2BAD4523001A9C37 /* FinancialGoalView.swift in Sources */,
				4702852F2BA8C09B00EE5814 /* MonthlyReportView.swift in Sources */,
				16B355102BA3FAC40014F307 /* PocketLedgerApp.swift in Sources */,
				CC0EBD542BACEE8700B40430 /* HistoryView.swift in Sources */,
				CC0EBD282BA7CF2F00B40430 /* ScanViewModel.swift in Sources */,
				CC6058CE2BD21747002CA76E /* ImagePredictor.swift in Sources */,
				CC6058D22BD2185F002CA76E /* CGImagePropertyOrientation+UIImageOrientation.swift in Sources */,
				67BA45432BD46C3900DD6EAC /* FinancialPercentView.swift in Sources */,
				CC6058CA2BD2142C002CA76E /* RecognizeView.swift in Sources */,
			);
			runOnlyForDeploymentPostprocessing = 0;
		};
/* End PBXSourcesBuildPhase section */

/* Begin XCBuildConfiguration section */
		16B355182BA3FAC50014F307 /* Debug */ = {
			isa = XCBuildConfiguration;
			buildSettings = {
				ALWAYS_SEARCH_USER_PATHS = NO;
				ASSETCATALOG_COMPILER_GENERATE_SWIFT_ASSET_SYMBOL_EXTENSIONS = YES;
				CLANG_ANALYZER_NONNULL = YES;
				CLANG_ANALYZER_NUMBER_OBJECT_CONVERSION = YES_AGGRESSIVE;
				CLANG_CXX_LANGUAGE_STANDARD = "gnu++20";
				CLANG_ENABLE_MODULES = YES;
				CLANG_ENABLE_OBJC_ARC = YES;
				CLANG_ENABLE_OBJC_WEAK = YES;
				CLANG_WARN_BLOCK_CAPTURE_AUTORELEASING = YES;
				CLANG_WARN_BOOL_CONVERSION = YES;
				CLANG_WARN_COMMA = YES;
				CLANG_WARN_CONSTANT_CONVERSION = YES;
				CLANG_WARN_DEPRECATED_OBJC_IMPLEMENTATIONS = YES;
				CLANG_WARN_DIRECT_OBJC_ISA_USAGE = YES_ERROR;
				CLANG_WARN_DOCUMENTATION_COMMENTS = YES;
				CLANG_WARN_EMPTY_BODY = YES;
				CLANG_WARN_ENUM_CONVERSION = YES;
				CLANG_WARN_INFINITE_RECURSION = YES;
				CLANG_WARN_INT_CONVERSION = YES;
				CLANG_WARN_NON_LITERAL_NULL_CONVERSION = YES;
				CLANG_WARN_OBJC_IMPLICIT_RETAIN_SELF = YES;
				CLANG_WARN_OBJC_LITERAL_CONVERSION = YES;
				CLANG_WARN_OBJC_ROOT_CLASS = YES_ERROR;
				CLANG_WARN_QUOTED_INCLUDE_IN_FRAMEWORK_HEADER = YES;
				CLANG_WARN_RANGE_LOOP_ANALYSIS = YES;
				CLANG_WARN_STRICT_PROTOTYPES = YES;
				CLANG_WARN_SUSPICIOUS_MOVE = YES;
				CLANG_WARN_UNGUARDED_AVAILABILITY = YES_AGGRESSIVE;
				CLANG_WARN_UNREACHABLE_CODE = YES;
				CLANG_WARN__DUPLICATE_METHOD_MATCH = YES;
				COPY_PHASE_STRIP = NO;
				DEBUG_INFORMATION_FORMAT = dwarf;
				ENABLE_STRICT_OBJC_MSGSEND = YES;
				ENABLE_TESTABILITY = YES;
				ENABLE_USER_SCRIPT_SANDBOXING = YES;
				GCC_C_LANGUAGE_STANDARD = gnu17;
				GCC_DYNAMIC_NO_PIC = NO;
				GCC_NO_COMMON_BLOCKS = YES;
				GCC_OPTIMIZATION_LEVEL = 0;
				GCC_PREPROCESSOR_DEFINITIONS = (
					"DEBUG=1",
					"$(inherited)",
				);
				GCC_WARN_64_TO_32_BIT_CONVERSION = YES;
				GCC_WARN_ABOUT_RETURN_TYPE = YES_ERROR;
				GCC_WARN_UNDECLARED_SELECTOR = YES;
				GCC_WARN_UNINITIALIZED_AUTOS = YES_AGGRESSIVE;
				GCC_WARN_UNUSED_FUNCTION = YES;
				GCC_WARN_UNUSED_VARIABLE = YES;
				IPHONEOS_DEPLOYMENT_TARGET = 17.4;
				LOCALIZATION_PREFERS_STRING_CATALOGS = YES;
				MTL_ENABLE_DEBUG_INFO = INCLUDE_SOURCE;
				MTL_FAST_MATH = YES;
				ONLY_ACTIVE_ARCH = YES;
				SDKROOT = iphoneos;
				SWIFT_ACTIVE_COMPILATION_CONDITIONS = "DEBUG $(inherited)";
				SWIFT_OPTIMIZATION_LEVEL = "-Onone";
			};
			name = Debug;
		};
		16B355192BA3FAC50014F307 /* Release */ = {
			isa = XCBuildConfiguration;
			buildSettings = {
				ALWAYS_SEARCH_USER_PATHS = NO;
				ASSETCATALOG_COMPILER_GENERATE_SWIFT_ASSET_SYMBOL_EXTENSIONS = YES;
				CLANG_ANALYZER_NONNULL = YES;
				CLANG_ANALYZER_NUMBER_OBJECT_CONVERSION = YES_AGGRESSIVE;
				CLANG_CXX_LANGUAGE_STANDARD = "gnu++20";
				CLANG_ENABLE_MODULES = YES;
				CLANG_ENABLE_OBJC_ARC = YES;
				CLANG_ENABLE_OBJC_WEAK = YES;
				CLANG_WARN_BLOCK_CAPTURE_AUTORELEASING = YES;
				CLANG_WARN_BOOL_CONVERSION = YES;
				CLANG_WARN_COMMA = YES;
				CLANG_WARN_CONSTANT_CONVERSION = YES;
				CLANG_WARN_DEPRECATED_OBJC_IMPLEMENTATIONS = YES;
				CLANG_WARN_DIRECT_OBJC_ISA_USAGE = YES_ERROR;
				CLANG_WARN_DOCUMENTATION_COMMENTS = YES;
				CLANG_WARN_EMPTY_BODY = YES;
				CLANG_WARN_ENUM_CONVERSION = YES;
				CLANG_WARN_INFINITE_RECURSION = YES;
				CLANG_WARN_INT_CONVERSION = YES;
				CLANG_WARN_NON_LITERAL_NULL_CONVERSION = YES;
				CLANG_WARN_OBJC_IMPLICIT_RETAIN_SELF = YES;
				CLANG_WARN_OBJC_LITERAL_CONVERSION = YES;
				CLANG_WARN_OBJC_ROOT_CLASS = YES_ERROR;
				CLANG_WARN_QUOTED_INCLUDE_IN_FRAMEWORK_HEADER = YES;
				CLANG_WARN_RANGE_LOOP_ANALYSIS = YES;
				CLANG_WARN_STRICT_PROTOTYPES = YES;
				CLANG_WARN_SUSPICIOUS_MOVE = YES;
				CLANG_WARN_UNGUARDED_AVAILABILITY = YES_AGGRESSIVE;
				CLANG_WARN_UNREACHABLE_CODE = YES;
				CLANG_WARN__DUPLICATE_METHOD_MATCH = YES;
				COPY_PHASE_STRIP = NO;
				DEBUG_INFORMATION_FORMAT = "dwarf-with-dsym";
				ENABLE_NS_ASSERTIONS = NO;
				ENABLE_STRICT_OBJC_MSGSEND = YES;
				ENABLE_USER_SCRIPT_SANDBOXING = YES;
				GCC_C_LANGUAGE_STANDARD = gnu17;
				GCC_NO_COMMON_BLOCKS = YES;
				GCC_WARN_64_TO_32_BIT_CONVERSION = YES;
				GCC_WARN_ABOUT_RETURN_TYPE = YES_ERROR;
				GCC_WARN_UNDECLARED_SELECTOR = YES;
				GCC_WARN_UNINITIALIZED_AUTOS = YES_AGGRESSIVE;
				GCC_WARN_UNUSED_FUNCTION = YES;
				GCC_WARN_UNUSED_VARIABLE = YES;
				IPHONEOS_DEPLOYMENT_TARGET = 17.4;
				LOCALIZATION_PREFERS_STRING_CATALOGS = YES;
				MTL_ENABLE_DEBUG_INFO = NO;
				MTL_FAST_MATH = YES;
				SDKROOT = iphoneos;
				SWIFT_COMPILATION_MODE = wholemodule;
				VALIDATE_PRODUCT = YES;
			};
			name = Release;
		};
		16B3551B2BA3FAC50014F307 /* Debug */ = {
			isa = XCBuildConfiguration;
			buildSettings = {
				ASSETCATALOG_COMPILER_APPICON_NAME = AppIcon;
				ASSETCATALOG_COMPILER_GLOBAL_ACCENT_COLOR_NAME = AccentColor;
				CODE_SIGN_STYLE = Automatic;
				CURRENT_PROJECT_VERSION = 1;
				DEVELOPMENT_ASSET_PATHS = "\"PocketLedger/Preview Content\"";
				DEVELOPMENT_TEAM = TTZZQVAA9L;
				ENABLE_PREVIEWS = YES;
				GENERATE_INFOPLIST_FILE = YES;
				INFOPLIST_FILE = PocketLedger/Info.plist;
				INFOPLIST_KEY_LSApplicationCategoryType = "";
				INFOPLIST_KEY_NSCameraUsageDescription = abababab;
				INFOPLIST_KEY_NSMicrophoneUsageDescription = "access to microphone";
				INFOPLIST_KEY_NSPhotoLibraryAddUsageDescription = "access to cameraa";
				INFOPLIST_KEY_NSPhotoLibraryUsageDescription = "access to camera";
				INFOPLIST_KEY_NSSpeechRecognitionUsageDescription = "recognize speech";
				INFOPLIST_KEY_UIApplicationSceneManifest_Generation = YES;
				INFOPLIST_KEY_UIApplicationSupportsIndirectInputEvents = YES;
				INFOPLIST_KEY_UILaunchScreen_Generation = YES;
				INFOPLIST_KEY_UISupportedInterfaceOrientations_iPad = "UIInterfaceOrientationPortrait UIInterfaceOrientationPortraitUpsideDown UIInterfaceOrientationLandscapeLeft UIInterfaceOrientationLandscapeRight";
				INFOPLIST_KEY_UISupportedInterfaceOrientations_iPhone = "UIInterfaceOrientationPortrait UIInterfaceOrientationLandscapeLeft UIInterfaceOrientationLandscapeRight";
				IPHONEOS_DEPLOYMENT_TARGET = 17.0;
				LD_RUNPATH_SEARCH_PATHS = (
					"$(inherited)",
					"@executable_path/Frameworks",
				);
				MARKETING_VERSION = 1.0;
				PRODUCT_BUNDLE_IDENTIFIER = edu.umich.zhiimiao;
				PRODUCT_NAME = "$(TARGET_NAME)";
				SWIFT_EMIT_LOC_STRINGS = YES;
				SWIFT_VERSION = 5.0;
				TARGETED_DEVICE_FAMILY = "1,2";
			};
			name = Debug;
		};
		16B3551C2BA3FAC50014F307 /* Release */ = {
			isa = XCBuildConfiguration;
			buildSettings = {
				ASSETCATALOG_COMPILER_APPICON_NAME = AppIcon;
				ASSETCATALOG_COMPILER_GLOBAL_ACCENT_COLOR_NAME = AccentColor;
				CODE_SIGN_STYLE = Automatic;
				CURRENT_PROJECT_VERSION = 1;
				DEVELOPMENT_ASSET_PATHS = "\"PocketLedger/Preview Content\"";
				DEVELOPMENT_TEAM = TTZZQVAA9L;
				ENABLE_PREVIEWS = YES;
				GENERATE_INFOPLIST_FILE = YES;
				INFOPLIST_FILE = PocketLedger/Info.plist;
				INFOPLIST_KEY_LSApplicationCategoryType = "";
				INFOPLIST_KEY_NSCameraUsageDescription = abababab;
				INFOPLIST_KEY_NSMicrophoneUsageDescription = "access to microphone";
				INFOPLIST_KEY_NSPhotoLibraryAddUsageDescription = "access to cameraa";
				INFOPLIST_KEY_NSPhotoLibraryUsageDescription = "access to camera";
				INFOPLIST_KEY_NSSpeechRecognitionUsageDescription = "recognize speech";
				INFOPLIST_KEY_UIApplicationSceneManifest_Generation = YES;
				INFOPLIST_KEY_UIApplicationSupportsIndirectInputEvents = YES;
				INFOPLIST_KEY_UILaunchScreen_Generation = YES;
				INFOPLIST_KEY_UISupportedInterfaceOrientations_iPad = "UIInterfaceOrientationPortrait UIInterfaceOrientationPortraitUpsideDown UIInterfaceOrientationLandscapeLeft UIInterfaceOrientationLandscapeRight";
				INFOPLIST_KEY_UISupportedInterfaceOrientations_iPhone = "UIInterfaceOrientationPortrait UIInterfaceOrientationLandscapeLeft UIInterfaceOrientationLandscapeRight";
				IPHONEOS_DEPLOYMENT_TARGET = 17.0;
				LD_RUNPATH_SEARCH_PATHS = (
					"$(inherited)",
					"@executable_path/Frameworks",
				);
				MARKETING_VERSION = 1.0;
				PRODUCT_BUNDLE_IDENTIFIER = edu.umich.zhiimiao;
				PRODUCT_NAME = "$(TARGET_NAME)";
				SWIFT_EMIT_LOC_STRINGS = YES;
				SWIFT_VERSION = 5.0;
				TARGETED_DEVICE_FAMILY = "1,2";
			};
			name = Release;
		};
/* End XCBuildConfiguration section */

/* Begin XCConfigurationList section */
		16B355072BA3FAC40014F307 /* Build configuration list for PBXProject "PocketLedger" */ = {
			isa = XCConfigurationList;
			buildConfigurations = (
				16B355182BA3FAC50014F307 /* Debug */,
				16B355192BA3FAC50014F307 /* Release */,
			);
			defaultConfigurationIsVisible = 0;
			defaultConfigurationName = Release;
		};
		16B3551A2BA3FAC50014F307 /* Build configuration list for PBXNativeTarget "PocketLedger" */ = {
			isa = XCConfigurationList;
			buildConfigurations = (
				16B3551B2BA3FAC50014F307 /* Debug */,
				16B3551C2BA3FAC50014F307 /* Release */,
			);
			defaultConfigurationIsVisible = 0;
			defaultConfigurationName = Release;
		};
/* End XCConfigurationList section */
	};
	rootObject = 16B355042BA3FAC40014F307 /* Project object */;
}
